
Microsoft Visual Studio Solution File, Format Version 12.00
# Visual Studio Version 16
VisualStudioVersion = 16.0.29409.12
MinimumVisualStudioVersion = 10.0.40219.1
Project("{FAE04EC0-301F-11D3-BF4B-00C04F79EFBC}") = "CameraGrid", "CameraGrid\CameraGrid.csproj", "{ECDEDAFB-E56F-4324-A3C0-D3594433849A}"
EndProject
Global
	GlobalSection(SolutionConfigurationPlatforms) = preSolution
		Debug|Any CPU = Debug|Any CPU
		Release|Any CPU = Release|Any CPU
	EndGlobalSection
	GlobalSection(ProjectConfigurationPlatforms) = postSolution
		{ECDEDAFB-E56F-4324-A3C0-D3594433849A}.Debug|Any CPU.ActiveCfg = Debug|Any CPU
		{ECDEDAFB-E56F-4324-A3C0-D3594433849A}.Debug|Any CPU.Build.0 = Debug|Any CPU
		{ECDEDAFB-E56F-4324-A3C0-D3594433849A}.Release|Any CPU.ActiveCfg = Release|Any CPU
		{ECDEDAFB-E56F-4324-A3C0-D3594433849A}.Release|Any CPU.Build.0 = Release|Any CPU
	EndGlobalSection
	GlobalSection(SolutionProperties) = preSolution
		HideSolutionNode = FALSE
	EndGlobalSection
	GlobalSection(ExtensibilityGlobals) = postSolution
		SolutionGuid = {8DA372B1-087C-464A-B0EC-EC906751AAE9}
	EndGlobalSection
EndGlobal
